// !$*UTF8*$!
{
	archiveVersion = 1;
	classes = {
	};
	objectVersion = 56;
	objects = {

/* Begin PBXBuildFile section */
		E40B246D2D41008D00A16D4C /* CandleChartView.swift in Sources */ = {isa = PBXBuildFile; fileRef = E40B246C2D41008D00A16D4C /* CandleChartView.swift */; };
		E40B24712D410A7800A16D4C /* LaunchScreen.storyboard in Resources */ = {isa = PBXBuildFile; fileRef = E40B24702D410A7800A16D4C /* LaunchScreen.storyboard */; };
		E40B247E2D41156200A16D4C /* Database.swift in Sources */ = {isa = PBXBuildFile; fileRef = E40B247D2D41156200A16D4C /* Database.swift */; };
		E40B24802D411D3600A16D4C /* HeartTableViewCell.swift in Sources */ = {isa = PBXBuildFile; fileRef = E40B247F2D411D3600A16D4C /* HeartTableViewCell.swift */; };
		E40B27182D426F4700A16D4C /* Toast in Frameworks */ = {isa = PBXBuildFile; productRef = E40B27172D426F4700A16D4C /* Toast */; };
		E40B271A2D426FEF00A16D4C /* UIView + Extension.swift in Sources */ = {isa = PBXBuildFile; fileRef = E40B27192D426FEF00A16D4C /* UIView + Extension.swift */; };
		E40B271C2D42816E00A16D4C /* HeartCustomView.swift in Sources */ = {isa = PBXBuildFile; fileRef = E40B271B2D42816E00A16D4C /* HeartCustomView.swift */; };
		E43C7EAE2D3E3B8F009C81C2 /* UIViewController + Extension.swift in Sources */ = {isa = PBXBuildFile; fileRef = E43C7EAD2D3E3B8F009C81C2 /* UIViewController + Extension.swift */; };
		E43C7EB02D3E3B92009C81C2 /* UserDefinedFunction.swift in Sources */ = {isa = PBXBuildFile; fileRef = E43C7EAF2D3E3B92009C81C2 /* UserDefinedFunction.swift */; };
		E43C7EB52D3E3CB6009C81C2 /* HomeItems.swift in Sources */ = {isa = PBXBuildFile; fileRef = E43C7EB42D3E3CB6009C81C2 /* HomeItems.swift */; };
		E43C7EB72D3E3D89009C81C2 /* ApiKeyList.plist in Resources */ = {isa = PBXBuildFile; fileRef = E43C7EB62D3E3D89009C81C2 /* ApiKeyList.plist */; };
		E43C7EBB2D3E45F4009C81C2 /* NetworkManager.swift in Sources */ = {isa = PBXBuildFile; fileRef = E43C7EBA2D3E45F4009C81C2 /* NetworkManager.swift */; };
		E43C7EBD2D3E4650009C81C2 /* APIEndpoint.swift in Sources */ = {isa = PBXBuildFile; fileRef = E43C7EBC2D3E4650009C81C2 /* APIEndpoint.swift */; };
		E43C7EC32D3E478C009C81C2 /* ChartHostingViewController.swift in Sources */ = {isa = PBXBuildFile; fileRef = E43C7EC02D3E478C009C81C2 /* ChartHostingViewController.swift */; };
		E43C7EC42D3E478C009C81C2 /* ChartView.swift in Sources */ = {isa = PBXBuildFile; fileRef = E43C7EC12D3E478C009C81C2 /* ChartView.swift */; };
		E43C7EC52D3E478C009C81C2 /* DetailChartView.swift in Sources */ = {isa = PBXBuildFile; fileRef = E43C7EC22D3E478C009C81C2 /* DetailChartView.swift */; };
		E43C7EC72D3E489F009C81C2 /* ChartData.swift in Sources */ = {isa = PBXBuildFile; fileRef = E43C7EC62D3E489F009C81C2 /* ChartData.swift */; };
		E43C7EC92D3E4D76009C81C2 /* ChartCell.swift in Sources */ = {isa = PBXBuildFile; fileRef = E43C7EC82D3E4D76009C81C2 /* ChartCell.swift */; };
		E43C80A62D3F34CF009C81C2 /* DatabaseObject.swift in Sources */ = {isa = PBXBuildFile; fileRef = E43C80A52D3F34CF009C81C2 /* DatabaseObject.swift */; };
		E43C80AA2D3F40EB009C81C2 /* CryptoData.swift in Sources */ = {isa = PBXBuildFile; fileRef = E43C80A92D3F40EB009C81C2 /* CryptoData.swift */; };
		E43C81822D3FC25A009C81C2 /* GreedModel.swift in Sources */ = {isa = PBXBuildFile; fileRef = E43C81812D3FC25A009C81C2 /* GreedModel.swift */; };
		E45B49812D388BFD008803B6 /* .gitignore in Resources */ = {isa = PBXBuildFile; fileRef = E45B49802D388BFD008803B6 /* .gitignore */; };
		E45B49BE2D38C518008803B6 /* SceneDelegate.swift in Sources */ = {isa = PBXBuildFile; fileRef = E45B49B72D38C518008803B6 /* SceneDelegate.swift */; };
		E45B49BF2D38C518008803B6 /* AppDelegate.swift in Sources */ = {isa = PBXBuildFile; fileRef = E45B49B62D38C518008803B6 /* AppDelegate.swift */; };
		E45B49C02D38C518008803B6 /* Assets.xcassets in Resources */ = {isa = PBXBuildFile; fileRef = E45B49B92D38C518008803B6 /* Assets.xcassets */; };
		E45B49C12D38C518008803B6 /* Color.xcassets in Resources */ = {isa = PBXBuildFile; fileRef = E45B49BA2D38C518008803B6 /* Color.xcassets */; };
		E4788CFE2D491961008D4B3A /* NetworkError.swift in Sources */ = {isa = PBXBuildFile; fileRef = E4788CFD2D491961008D4B3A /* NetworkError.swift */; };
		E4788D002D491C5F008D4B3A /* NewsListTableViewCell.swift in Sources */ = {isa = PBXBuildFile; fileRef = E4788CFF2D491C5F008D4B3A /* NewsListTableViewCell.swift */; };
		E4788D022D491C82008D4B3A /* TicksTableViewCell.swift in Sources */ = {isa = PBXBuildFile; fileRef = E4788D012D491C82008D4B3A /* TicksTableViewCell.swift */; };
		E4788D042D491CA7008D4B3A /* AdsTableViewCell.swift in Sources */ = {isa = PBXBuildFile; fileRef = E4788D032D491CA7008D4B3A /* AdsTableViewCell.swift */; };
		E4788D062D491CD2008D4B3A /* ChartTableViewCell.swift in Sources */ = {isa = PBXBuildFile; fileRef = E4788D052D491CD2008D4B3A /* ChartTableViewCell.swift */; };
		E4788E392D49E8B5008D4B3A /* Color + Extension.swift in Sources */ = {isa = PBXBuildFile; fileRef = E4788E382D49E8B5008D4B3A /* Color + Extension.swift */; };
		E4788E3B2D49E97B008D4B3A /* TabBarController.swift in Sources */ = {isa = PBXBuildFile; fileRef = E4788E3A2D49E97B008D4B3A /* TabBarController.swift */; };
		E4788ED82D49F54A008D4B3A /* OnboardingViewController.swift in Sources */ = {isa = PBXBuildFile; fileRef = E4788ED72D49F54A008D4B3A /* OnboardingViewController.swift */; };
		E4788EDA2D49F583008D4B3A /* UIButton + Extension.swift in Sources */ = {isa = PBXBuildFile; fileRef = E4788ED92D49F583008D4B3A /* UIButton + Extension.swift */; };
		E4788EDD2D49F5B2008D4B3A /* ProfileViewController.swift in Sources */ = {isa = PBXBuildFile; fileRef = E4788EDC2D49F5B2008D4B3A /* ProfileViewController.swift */; };
		E4788EE12D49F5E9008D4B3A /* NickName.swift in Sources */ = {isa = PBXBuildFile; fileRef = E4788EE02D49F5E9008D4B3A /* NickName.swift */; };
		E4788EE32D49F615008D4B3A /* ProfileImageViewController.swift in Sources */ = {isa = PBXBuildFile; fileRef = E4788EE22D49F615008D4B3A /* ProfileImageViewController.swift */; };
		E4788EE52D49F65D008D4B3A /* CustomProfileButton.swift in Sources */ = {isa = PBXBuildFile; fileRef = E4788EE42D49F65D008D4B3A /* CustomProfileButton.swift */; };
		E4788EE72D49F67E008D4B3A /* UIImageView + Extension.swift in Sources */ = {isa = PBXBuildFile; fileRef = E4788EE62D49F67E008D4B3A /* UIImageView + Extension.swift */; };
		E4788EE92D49F720008D4B3A /* ProfileData.swift in Sources */ = {isa = PBXBuildFile; fileRef = E4788EE82D49F720008D4B3A /* ProfileData.swift */; };
		E4788F842D49FABB008D4B3A /* MyPageViewController.swift in Sources */ = {isa = PBXBuildFile; fileRef = E4788F832D49FABB008D4B3A /* MyPageViewController.swift */; };
		E4788F862D49FACC008D4B3A /* MyPageSectionButton.swift in Sources */ = {isa = PBXBuildFile; fileRef = E4788F852D49FACC008D4B3A /* MyPageSectionButton.swift */; };
		E4788F892D49FAED008D4B3A /* MyProfileView.swift in Sources */ = {isa = PBXBuildFile; fileRef = E4788F882D49FAED008D4B3A /* MyProfileView.swift */; };
		E4788F8B2D49FB16008D4B3A /* UserInfo.swift in Sources */ = {isa = PBXBuildFile; fileRef = E4788F8A2D49FB16008D4B3A /* UserInfo.swift */; };
		E4788F8E2D49FB48008D4B3A /* MyPageType.swift in Sources */ = {isa = PBXBuildFile; fileRef = E4788F8D2D49FB48008D4B3A /* MyPageType.swift */; };
		E4788F902D49FBE2008D4B3A /* SheetProfileViewController.swift in Sources */ = {isa = PBXBuildFile; fileRef = E4788F8F2D49FBE2008D4B3A /* SheetProfileViewController.swift */; };
		E4788F922D49FC1A008D4B3A /* ProfileImageCollectionViewCell.swift in Sources */ = {isa = PBXBuildFile; fileRef = E4788F912D49FC1A008D4B3A /* ProfileImageCollectionViewCell.swift */; };
		E4788F962D4A060F008D4B3A /* HomeProfileTableViewCell.swift in Sources */ = {isa = PBXBuildFile; fileRef = E4788F952D4A060E008D4B3A /* HomeProfileTableViewCell.swift */; };
		E4788F982D4A1853008D4B3A /* CryptoInputViewController.swift in Sources */ = {isa = PBXBuildFile; fileRef = E4788F972D4A1853008D4B3A /* CryptoInputViewController.swift */; };
		E4788F9B2D4A189D008D4B3A /* CryptoCell.swift in Sources */ = {isa = PBXBuildFile; fileRef = E4788F9A2D4A189D008D4B3A /* CryptoCell.swift */; };
		E4788FA12D4A1F3C008D4B3A /* CryptoInput.swift in Sources */ = {isa = PBXBuildFile; fileRef = E4788FA02D4A1F3C008D4B3A /* CryptoInput.swift */; };
		E4788FA32D4A4E85008D4B3A /* HeartItem.swift in Sources */ = {isa = PBXBuildFile; fileRef = E4788FA22D4A4E85008D4B3A /* HeartItem.swift */; };
		E4788FA62D4A8A76008D4B3A /* PortfolioViewController.swift in Sources */ = {isa = PBXBuildFile; fileRef = E4788FA52D4A8A76008D4B3A /* PortfolioViewController.swift */; };
		E4788FA82D4A8A7C008D4B3A /* PortfolioViewModel.swift in Sources */ = {isa = PBXBuildFile; fileRef = E4788FA72D4A8A7C008D4B3A /* PortfolioViewModel.swift */; };
		E4788FAB2D4A8ACA008D4B3A /* PortfolioSummaryView.swift in Sources */ = {isa = PBXBuildFile; fileRef = E4788FAA2D4A8ACA008D4B3A /* PortfolioSummaryView.swift */; };
		E4788FAD2D4A8AE8008D4B3A /* PortfolioTableViewCell.swift in Sources */ = {isa = PBXBuildFile; fileRef = E4788FAC2D4A8AE8008D4B3A /* PortfolioTableViewCell.swift */; };
		E4788FB12D4A8B37008D4B3A /* PortfolioModel.swift in Sources */ = {isa = PBXBuildFile; fileRef = E4788FB02D4A8B37008D4B3A /* PortfolioModel.swift */; };
		E483068A2C4914F90017F6B2 /* CoinResult.swift in Sources */ = {isa = PBXBuildFile; fileRef = E48306892C4914F90017F6B2 /* CoinResult.swift */; };
		E483068E2C49651C0017F6B2 /* TicksCollectionViewCell.swift in Sources */ = {isa = PBXBuildFile; fileRef = E483068D2C49651C0017F6B2 /* TicksCollectionViewCell.swift */; };
		E492F2C72C43BD5E0012B7F3 /* HomeViewController.swift in Sources */ = {isa = PBXBuildFile; fileRef = E492F2C62C43BD5E0012B7F3 /* HomeViewController.swift */; };
		E492F2C92C43BF560012B7F3 /* HomeViewModel.swift in Sources */ = {isa = PBXBuildFile; fileRef = E492F2C82C43BF560012B7F3 /* HomeViewModel.swift */; };
		E492F2CF2C46D6E90012B7F3 /* NewsListCollectionViewCell.swift in Sources */ = {isa = PBXBuildFile; fileRef = E492F2CE2C46D6E80012B7F3 /* NewsListCollectionViewCell.swift */; };
		E4989EDA2BC43FA500D888DC /* ChatModel.swift in Sources */ = {isa = PBXBuildFile; fileRef = E4989ED92BC43FA400D888DC /* ChatModel.swift */; };
		E4CAF4B12BB982BD00CB18EC /* RxCocoa in Frameworks */ = {isa = PBXBuildFile; productRef = E4CAF4B02BB982BD00CB18EC /* RxCocoa */; };
		E4CAF4B32BB982BD00CB18EC /* RxSwift in Frameworks */ = {isa = PBXBuildFile; productRef = E4CAF4B22BB982BD00CB18EC /* RxSwift */; };
		E4CAF4B62BB982C600CB18EC /* SnapKit in Frameworks */ = {isa = PBXBuildFile; productRef = E4CAF4B52BB982C600CB18EC /* SnapKit */; };
		E4CAF4B92BB982F200CB18EC /* SwiftKeychainWrapper in Frameworks */ = {isa = PBXBuildFile; productRef = E4CAF4B82BB982F200CB18EC /* SwiftKeychainWrapper */; };
		E4CAF4BC2BB982FD00CB18EC /* Alamofire in Frameworks */ = {isa = PBXBuildFile; productRef = E4CAF4BB2BB982FD00CB18EC /* Alamofire */; };
		E4CAF4D72BB9AE0900CB18EC /* Kingfisher in Frameworks */ = {isa = PBXBuildFile; productRef = E4CAF4D62BB9AE0900CB18EC /* Kingfisher */; };
		E4CAF4D92BB9B2AD00CB18EC /* CoinService.swift in Sources */ = {isa = PBXBuildFile; fileRef = E4CAF4D82BB9B2AD00CB18EC /* CoinService.swift */; };
		E4CAF4DC2BB9B61C00CB18EC /* GetAllCoinModel.swift in Sources */ = {isa = PBXBuildFile; fileRef = E4CAF4DB2BB9B61C00CB18EC /* GetAllCoinModel.swift */; };
		E4CAF4DF2BBBB6F800CB18EC /* DGCharts in Frameworks */ = {isa = PBXBuildFile; productRef = E4CAF4DE2BBBB6F800CB18EC /* DGCharts */; };
		E4CAF4E52BBBC9F900CB18EC /* SearchCoin.swift in Sources */ = {isa = PBXBuildFile; fileRef = E4CAF4E42BBBC9F900CB18EC /* SearchCoin.swift */; };
		E4CAF4ED2BBBD04600CB18EC /* HeartViewController.swift in Sources */ = {isa = PBXBuildFile; fileRef = E4CAF4EC2BBBD04500CB18EC /* HeartViewController.swift */; };
		E4CAF4EF2BBBD04D00CB18EC /* HeartViewModel.swift in Sources */ = {isa = PBXBuildFile; fileRef = E4CAF4EE2BBBD04D00CB18EC /* HeartViewModel.swift */; };
		E4DABEBC2BBC7A2200AE9DFB /* NVActivityIndicatorView in Frameworks */ = {isa = PBXBuildFile; productRef = E4DABEBB2BBC7A2200AE9DFB /* NVActivityIndicatorView */; };
		E4DABEC82BBEB19F00AE9DFB /* CandleService.swift in Sources */ = {isa = PBXBuildFile; fileRef = E4DABEC72BBEB19F00AE9DFB /* CandleService.swift */; };
		E4DABECC2BBEB21C00AE9DFB /* CandleModel.swift in Sources */ = {isa = PBXBuildFile; fileRef = E4DABECB2BBEB21C00AE9DFB /* CandleModel.swift */; };
		E4DABECF2BBEB68E00AE9DFB /* iOSDropDown in Frameworks */ = {isa = PBXBuildFile; productRef = E4DABECE2BBEB68E00AE9DFB /* iOSDropDown */; };
		E4DABED22BBF0D0200AE9DFB /* TradesModel.swift in Sources */ = {isa = PBXBuildFile; fileRef = E4DABED12BBF0D0200AE9DFB /* TradesModel.swift */; };
		E4DABED52BBF0D3200AE9DFB /* TradesService.swift in Sources */ = {isa = PBXBuildFile; fileRef = E4DABED42BBF0D3200AE9DFB /* TradesService.swift */; };
		E4DABEE02BBF17A600AE9DFB /* OrderBookService.swift in Sources */ = {isa = PBXBuildFile; fileRef = E4DABEDF2BBF17A600AE9DFB /* OrderBookService.swift */; };
		E4DABEE62BBFBC8900AE9DFB /* GetImageService.swift in Sources */ = {isa = PBXBuildFile; fileRef = E4DABEE52BBFBC8900AE9DFB /* GetImageService.swift */; };
		E4DABEE82BBFBDB800AE9DFB /* GetPaprikaModel.swift in Sources */ = {isa = PBXBuildFile; fileRef = E4DABEE72BBFBDB800AE9DFB /* GetPaprikaModel.swift */; };
		E4DABEEF2BBFFC9400AE9DFB /* SearchOrder.swift in Sources */ = {isa = PBXBuildFile; fileRef = E4DABEEE2BBFFC9400AE9DFB /* SearchOrder.swift */; };
		E4DABEF22BC0108C00AE9DFB /* OrderBookModel.swift in Sources */ = {isa = PBXBuildFile; fileRef = E4DABEF12BC0108C00AE9DFB /* OrderBookModel.swift */; };
		E4DABF142BC2CEC200AE9DFB /* NewsServiceModel.swift in Sources */ = {isa = PBXBuildFile; fileRef = E4DABF132BC2CEC200AE9DFB /* NewsServiceModel.swift */; };
		E4DABF162BC2CECB00AE9DFB /* NewsService.swift in Sources */ = {isa = PBXBuildFile; fileRef = E4DABF152BC2CECB00AE9DFB /* NewsService.swift */; };
		E4DABF182BC2D46100AE9DFB /* String + Extension.swift in Sources */ = {isa = PBXBuildFile; fileRef = E4DABF172BC2D46100AE9DFB /* String + Extension.swift */; };
		E4DABF1A2BC2D4DE00AE9DFB /* HIDEAPIKEY++Bundle.swift in Sources */ = {isa = PBXBuildFile; fileRef = E4DABF192BC2D4DE00AE9DFB /* HIDEAPIKEY++Bundle.swift */; };
		E4DABF2F2BC2EDC500AE9DFB /* ChatGPTService.swift in Sources */ = {isa = PBXBuildFile; fileRef = E4DABF2E2BC2EDC500AE9DFB /* ChatGPTService.swift */; };
		E4DABF322BC2EDEA00AE9DFB /* ChatServiceModel.swift in Sources */ = {isa = PBXBuildFile; fileRef = E4DABF312BC2EDEA00AE9DFB /* ChatServiceModel.swift */; };
		E4DABF362BC2FB9500AE9DFB /* GetNameService.swift in Sources */ = {isa = PBXBuildFile; fileRef = E4DABF352BC2FB9500AE9DFB /* GetNameService.swift */; };
		E4DC77D12C4FA3B600B45001 /* SearchResult.swift in Sources */ = {isa = PBXBuildFile; fileRef = E4DC77D02C4FA3B600B45001 /* SearchResult.swift */; };
		E4DC77DB2C50199700B45001 /* ChartInfo.swift in Sources */ = {isa = PBXBuildFile; fileRef = E4DC77DA2C50199700B45001 /* ChartInfo.swift */; };
		E4DC77E02C50DD8C00B45001 /* FinancialNetwork.swift in Sources */ = {isa = PBXBuildFile; fileRef = E4DC77DF2C50DD8C00B45001 /* FinancialNetwork.swift */; };
		E4DC77E32C50E34D00B45001 /* FinancialModel.swift in Sources */ = {isa = PBXBuildFile; fileRef = E4DC77E22C50E34C00B45001 /* FinancialModel.swift */; };
		E4DC77E52C50ED6700B45001 /* FinancialResult.swift in Sources */ = {isa = PBXBuildFile; fileRef = E4DC77E42C50ED6700B45001 /* FinancialResult.swift */; };
		E4F56AE42C5F4EAC00FE4DDF /* GoogleMobileAds in Frameworks */ = {isa = PBXBuildFile; productRef = E4F56AE32C5F4EAC00FE4DDF /* GoogleMobileAds */; };
/* End PBXBuildFile section */

/* Begin PBXCopyFilesBuildPhase section */
		E40B248A2D41254A00A16D4C /* Embed Frameworks */ = {
			isa = PBXCopyFilesBuildPhase;
			buildActionMask = 2147483647;
			dstPath = "";
			dstSubfolderSpec = 10;
			files = (
			);
			name = "Embed Frameworks";
			runOnlyForDeploymentPostprocessing = 0;
		};
/* End PBXCopyFilesBuildPhase section */

/* Begin PBXFileReference section */
		E40B246C2D41008D00A16D4C /* CandleChartView.swift */ = {isa = PBXFileReference; lastKnownFileType = sourcecode.swift; path = CandleChartView.swift; sourceTree = "<group>"; };
		E40B24702D410A7800A16D4C /* LaunchScreen.storyboard */ = {isa = PBXFileReference; lastKnownFileType = file.storyboard; path = LaunchScreen.storyboard; sourceTree = "<group>"; };
		E40B247D2D41156200A16D4C /* Database.swift */ = {isa = PBXFileReference; lastKnownFileType = sourcecode.swift; path = Database.swift; sourceTree = "<group>"; };
		E40B247F2D411D3600A16D4C /* HeartTableViewCell.swift */ = {isa = PBXFileReference; lastKnownFileType = sourcecode.swift; path = HeartTableViewCell.swift; sourceTree = "<group>"; };
		E40B27192D426FEF00A16D4C /* UIView + Extension.swift */ = {isa = PBXFileReference; lastKnownFileType = sourcecode.swift; path = "UIView + Extension.swift"; sourceTree = "<group>"; };
		E40B271B2D42816E00A16D4C /* HeartCustomView.swift */ = {isa = PBXFileReference; lastKnownFileType = sourcecode.swift; path = HeartCustomView.swift; sourceTree = "<group>"; };
		E43C7EAD2D3E3B8F009C81C2 /* UIViewController + Extension.swift */ = {isa = PBXFileReference; lastKnownFileType = sourcecode.swift; path = "UIViewController + Extension.swift"; sourceTree = "<group>"; };
		E43C7EAF2D3E3B92009C81C2 /* UserDefinedFunction.swift */ = {isa = PBXFileReference; lastKnownFileType = sourcecode.swift; path = UserDefinedFunction.swift; sourceTree = "<group>"; };
		E43C7EB42D3E3CB6009C81C2 /* HomeItems.swift */ = {isa = PBXFileReference; lastKnownFileType = sourcecode.swift; path = HomeItems.swift; sourceTree = "<group>"; };
		E43C7EB62D3E3D89009C81C2 /* ApiKeyList.plist */ = {isa = PBXFileReference; lastKnownFileType = text.plist.xml; path = ApiKeyList.plist; sourceTree = "<group>"; };
		E43C7EBA2D3E45F4009C81C2 /* NetworkManager.swift */ = {isa = PBXFileReference; lastKnownFileType = sourcecode.swift; path = NetworkManager.swift; sourceTree = "<group>"; };
		E43C7EBC2D3E4650009C81C2 /* APIEndpoint.swift */ = {isa = PBXFileReference; lastKnownFileType = sourcecode.swift; path = APIEndpoint.swift; sourceTree = "<group>"; };
		E43C7EC02D3E478C009C81C2 /* ChartHostingViewController.swift */ = {isa = PBXFileReference; lastKnownFileType = sourcecode.swift; path = ChartHostingViewController.swift; sourceTree = "<group>"; };
		E43C7EC12D3E478C009C81C2 /* ChartView.swift */ = {isa = PBXFileReference; lastKnownFileType = sourcecode.swift; path = ChartView.swift; sourceTree = "<group>"; };
		E43C7EC22D3E478C009C81C2 /* DetailChartView.swift */ = {isa = PBXFileReference; lastKnownFileType = sourcecode.swift; path = DetailChartView.swift; sourceTree = "<group>"; };
		E43C7EC62D3E489F009C81C2 /* ChartData.swift */ = {isa = PBXFileReference; lastKnownFileType = sourcecode.swift; path = ChartData.swift; sourceTree = "<group>"; };
		E43C7EC82D3E4D76009C81C2 /* ChartCell.swift */ = {isa = PBXFileReference; lastKnownFileType = sourcecode.swift; path = ChartCell.swift; sourceTree = "<group>"; };
		E43C80A52D3F34CF009C81C2 /* DatabaseObject.swift */ = {isa = PBXFileReference; lastKnownFileType = sourcecode.swift; path = DatabaseObject.swift; sourceTree = "<group>"; };
		E43C80A92D3F40EB009C81C2 /* CryptoData.swift */ = {isa = PBXFileReference; lastKnownFileType = sourcecode.swift; path = CryptoData.swift; sourceTree = "<group>"; };
		E43C81812D3FC25A009C81C2 /* GreedModel.swift */ = {isa = PBXFileReference; lastKnownFileType = sourcecode.swift; path = GreedModel.swift; sourceTree = "<group>"; };
		E45B49802D388BFD008803B6 /* .gitignore */ = {isa = PBXFileReference; lastKnownFileType = text; path = .gitignore; sourceTree = "<group>"; };
		E45B49B62D38C518008803B6 /* AppDelegate.swift */ = {isa = PBXFileReference; lastKnownFileType = sourcecode.swift; path = AppDelegate.swift; sourceTree = "<group>"; };
		E45B49B72D38C518008803B6 /* SceneDelegate.swift */ = {isa = PBXFileReference; lastKnownFileType = sourcecode.swift; path = SceneDelegate.swift; sourceTree = "<group>"; };
		E45B49B92D38C518008803B6 /* Assets.xcassets */ = {isa = PBXFileReference; lastKnownFileType = folder.assetcatalog; path = Assets.xcassets; sourceTree = "<group>"; };
		E45B49BA2D38C518008803B6 /* Color.xcassets */ = {isa = PBXFileReference; lastKnownFileType = folder.assetcatalog; path = Color.xcassets; sourceTree = "<group>"; };
		E4788CFD2D491961008D4B3A /* NetworkError.swift */ = {isa = PBXFileReference; lastKnownFileType = sourcecode.swift; path = NetworkError.swift; sourceTree = "<group>"; };
		E4788CFF2D491C5F008D4B3A /* NewsListTableViewCell.swift */ = {isa = PBXFileReference; lastKnownFileType = sourcecode.swift; path = NewsListTableViewCell.swift; sourceTree = "<group>"; };
		E4788D012D491C82008D4B3A /* TicksTableViewCell.swift */ = {isa = PBXFileReference; lastKnownFileType = sourcecode.swift; path = TicksTableViewCell.swift; sourceTree = "<group>"; };
		E4788D032D491CA7008D4B3A /* AdsTableViewCell.swift */ = {isa = PBXFileReference; lastKnownFileType = sourcecode.swift; path = AdsTableViewCell.swift; sourceTree = "<group>"; };
		E4788D052D491CD2008D4B3A /* ChartTableViewCell.swift */ = {isa = PBXFileReference; lastKnownFileType = sourcecode.swift; path = ChartTableViewCell.swift; sourceTree = "<group>"; };
		E4788E382D49E8B5008D4B3A /* Color + Extension.swift */ = {isa = PBXFileReference; lastKnownFileType = sourcecode.swift; path = "Color + Extension.swift"; sourceTree = "<group>"; };
		E4788E3A2D49E97B008D4B3A /* TabBarController.swift */ = {isa = PBXFileReference; lastKnownFileType = sourcecode.swift; path = TabBarController.swift; sourceTree = "<group>"; };
		E4788ED72D49F54A008D4B3A /* OnboardingViewController.swift */ = {isa = PBXFileReference; lastKnownFileType = sourcecode.swift; path = OnboardingViewController.swift; sourceTree = "<group>"; };
		E4788ED92D49F583008D4B3A /* UIButton + Extension.swift */ = {isa = PBXFileReference; lastKnownFileType = sourcecode.swift; path = "UIButton + Extension.swift"; sourceTree = "<group>"; };
		E4788EDC2D49F5B2008D4B3A /* ProfileViewController.swift */ = {isa = PBXFileReference; lastKnownFileType = sourcecode.swift; path = ProfileViewController.swift; sourceTree = "<group>"; };
		E4788EE02D49F5E9008D4B3A /* NickName.swift */ = {isa = PBXFileReference; lastKnownFileType = sourcecode.swift; path = NickName.swift; sourceTree = "<group>"; };
		E4788EE22D49F615008D4B3A /* ProfileImageViewController.swift */ = {isa = PBXFileReference; lastKnownFileType = sourcecode.swift; path = ProfileImageViewController.swift; sourceTree = "<group>"; };
		E4788EE42D49F65D008D4B3A /* CustomProfileButton.swift */ = {isa = PBXFileReference; lastKnownFileType = sourcecode.swift; path = CustomProfileButton.swift; sourceTree = "<group>"; };
		E4788EE62D49F67E008D4B3A /* UIImageView + Extension.swift */ = {isa = PBXFileReference; lastKnownFileType = sourcecode.swift; path = "UIImageView + Extension.swift"; sourceTree = "<group>"; };
		E4788EE82D49F720008D4B3A /* ProfileData.swift */ = {isa = PBXFileReference; lastKnownFileType = sourcecode.swift; path = ProfileData.swift; sourceTree = "<group>"; };
		E4788F832D49FABB008D4B3A /* MyPageViewController.swift */ = {isa = PBXFileReference; lastKnownFileType = sourcecode.swift; path = MyPageViewController.swift; sourceTree = "<group>"; };
		E4788F852D49FACC008D4B3A /* MyPageSectionButton.swift */ = {isa = PBXFileReference; lastKnownFileType = sourcecode.swift; path = MyPageSectionButton.swift; sourceTree = "<group>"; };
		E4788F882D49FAED008D4B3A /* MyProfileView.swift */ = {isa = PBXFileReference; lastKnownFileType = sourcecode.swift; path = MyProfileView.swift; sourceTree = "<group>"; };
		E4788F8A2D49FB16008D4B3A /* UserInfo.swift */ = {isa = PBXFileReference; lastKnownFileType = sourcecode.swift; path = UserInfo.swift; sourceTree = "<group>"; };
		E4788F8D2D49FB48008D4B3A /* MyPageType.swift */ = {isa = PBXFileReference; lastKnownFileType = sourcecode.swift; path = MyPageType.swift; sourceTree = "<group>"; };
		E4788F8F2D49FBE2008D4B3A /* SheetProfileViewController.swift */ = {isa = PBXFileReference; lastKnownFileType = sourcecode.swift; path = SheetProfileViewController.swift; sourceTree = "<group>"; };
		E4788F912D49FC1A008D4B3A /* ProfileImageCollectionViewCell.swift */ = {isa = PBXFileReference; lastKnownFileType = sourcecode.swift; path = ProfileImageCollectionViewCell.swift; sourceTree = "<group>"; };
		E4788F952D4A060E008D4B3A /* HomeProfileTableViewCell.swift */ = {isa = PBXFileReference; lastKnownFileType = sourcecode.swift; path = HomeProfileTableViewCell.swift; sourceTree = "<group>"; };
		E4788F972D4A1853008D4B3A /* CryptoInputViewController.swift */ = {isa = PBXFileReference; lastKnownFileType = sourcecode.swift; path = CryptoInputViewController.swift; sourceTree = "<group>"; };
		E4788F9A2D4A189D008D4B3A /* CryptoCell.swift */ = {isa = PBXFileReference; lastKnownFileType = sourcecode.swift; path = CryptoCell.swift; sourceTree = "<group>"; };
		E4788FA02D4A1F3C008D4B3A /* CryptoInput.swift */ = {isa = PBXFileReference; lastKnownFileType = sourcecode.swift; path = CryptoInput.swift; sourceTree = "<group>"; };
		E4788FA22D4A4E85008D4B3A /* HeartItem.swift */ = {isa = PBXFileReference; lastKnownFileType = sourcecode.swift; path = HeartItem.swift; sourceTree = "<group>"; };
		E4788FA52D4A8A76008D4B3A /* PortfolioViewController.swift */ = {isa = PBXFileReference; lastKnownFileType = sourcecode.swift; path = PortfolioViewController.swift; sourceTree = "<group>"; };
		E4788FA72D4A8A7C008D4B3A /* PortfolioViewModel.swift */ = {isa = PBXFileReference; lastKnownFileType = sourcecode.swift; path = PortfolioViewModel.swift; sourceTree = "<group>"; };
		E4788FAA2D4A8ACA008D4B3A /* PortfolioSummaryView.swift */ = {isa = PBXFileReference; lastKnownFileType = sourcecode.swift; path = PortfolioSummaryView.swift; sourceTree = "<group>"; };
		E4788FAC2D4A8AE8008D4B3A /* PortfolioTableViewCell.swift */ = {isa = PBXFileReference; lastKnownFileType = sourcecode.swift; path = PortfolioTableViewCell.swift; sourceTree = "<group>"; };
		E4788FB02D4A8B37008D4B3A /* PortfolioModel.swift */ = {isa = PBXFileReference; lastKnownFileType = sourcecode.swift; path = PortfolioModel.swift; sourceTree = "<group>"; };
		E48306892C4914F90017F6B2 /* CoinResult.swift */ = {isa = PBXFileReference; lastKnownFileType = sourcecode.swift; path = CoinResult.swift; sourceTree = "<group>"; };
		E483068D2C49651C0017F6B2 /* TicksCollectionViewCell.swift */ = {isa = PBXFileReference; lastKnownFileType = sourcecode.swift; path = TicksCollectionViewCell.swift; sourceTree = "<group>"; };
		E492F2C62C43BD5E0012B7F3 /* HomeViewController.swift */ = {isa = PBXFileReference; lastKnownFileType = sourcecode.swift; path = HomeViewController.swift; sourceTree = "<group>"; };
		E492F2C82C43BF560012B7F3 /* HomeViewModel.swift */ = {isa = PBXFileReference; lastKnownFileType = sourcecode.swift; path = HomeViewModel.swift; sourceTree = "<group>"; };
		E492F2CE2C46D6E80012B7F3 /* NewsListCollectionViewCell.swift */ = {isa = PBXFileReference; lastKnownFileType = sourcecode.swift; path = NewsListCollectionViewCell.swift; sourceTree = "<group>"; };
		E4989ED92BC43FA400D888DC /* ChatModel.swift */ = {isa = PBXFileReference; lastKnownFileType = sourcecode.swift; path = ChatModel.swift; sourceTree = "<group>"; };
		E4CAF4952BB9808300CB18EC /* FinancialApp.app */ = {isa = PBXFileReference; explicitFileType = wrapper.application; includeInIndex = 0; path = FinancialApp.app; sourceTree = BUILT_PRODUCTS_DIR; };
		E4CAF4A62BB9808400CB18EC /* Info.plist */ = {isa = PBXFileReference; lastKnownFileType = text.plist.xml; path = Info.plist; sourceTree = "<group>"; };
		E4CAF4D82BB9B2AD00CB18EC /* CoinService.swift */ = {isa = PBXFileReference; lastKnownFileType = sourcecode.swift; path = CoinService.swift; sourceTree = "<group>"; };
		E4CAF4DB2BB9B61C00CB18EC /* GetAllCoinModel.swift */ = {isa = PBXFileReference; lastKnownFileType = sourcecode.swift; path = GetAllCoinModel.swift; sourceTree = "<group>"; };
		E4CAF4E42BBBC9F900CB18EC /* SearchCoin.swift */ = {isa = PBXFileReference; lastKnownFileType = sourcecode.swift; path = SearchCoin.swift; sourceTree = "<group>"; };
		E4CAF4EC2BBBD04500CB18EC /* HeartViewController.swift */ = {isa = PBXFileReference; lastKnownFileType = sourcecode.swift; path = HeartViewController.swift; sourceTree = "<group>"; };
		E4CAF4EE2BBBD04D00CB18EC /* HeartViewModel.swift */ = {isa = PBXFileReference; lastKnownFileType = sourcecode.swift; path = HeartViewModel.swift; sourceTree = "<group>"; };
		E4DABEC72BBEB19F00AE9DFB /* CandleService.swift */ = {isa = PBXFileReference; lastKnownFileType = sourcecode.swift; path = CandleService.swift; sourceTree = "<group>"; };
		E4DABECB2BBEB21C00AE9DFB /* CandleModel.swift */ = {isa = PBXFileReference; lastKnownFileType = sourcecode.swift; path = CandleModel.swift; sourceTree = "<group>"; };
		E4DABED12BBF0D0200AE9DFB /* TradesModel.swift */ = {isa = PBXFileReference; lastKnownFileType = sourcecode.swift; path = TradesModel.swift; sourceTree = "<group>"; };
		E4DABED42BBF0D3200AE9DFB /* TradesService.swift */ = {isa = PBXFileReference; lastKnownFileType = sourcecode.swift; path = TradesService.swift; sourceTree = "<group>"; };
		E4DABEDF2BBF17A600AE9DFB /* OrderBookService.swift */ = {isa = PBXFileReference; lastKnownFileType = sourcecode.swift; path = OrderBookService.swift; sourceTree = "<group>"; };
		E4DABEE52BBFBC8900AE9DFB /* GetImageService.swift */ = {isa = PBXFileReference; lastKnownFileType = sourcecode.swift; path = GetImageService.swift; sourceTree = "<group>"; };
		E4DABEE72BBFBDB800AE9DFB /* GetPaprikaModel.swift */ = {isa = PBXFileReference; lastKnownFileType = sourcecode.swift; path = GetPaprikaModel.swift; sourceTree = "<group>"; };
		E4DABEEE2BBFFC9400AE9DFB /* SearchOrder.swift */ = {isa = PBXFileReference; lastKnownFileType = sourcecode.swift; path = SearchOrder.swift; sourceTree = "<group>"; };
		E4DABEF12BC0108C00AE9DFB /* OrderBookModel.swift */ = {isa = PBXFileReference; lastKnownFileType = sourcecode.swift; path = OrderBookModel.swift; sourceTree = "<group>"; };
		E4DABF132BC2CEC200AE9DFB /* NewsServiceModel.swift */ = {isa = PBXFileReference; lastKnownFileType = sourcecode.swift; path = NewsServiceModel.swift; sourceTree = "<group>"; };
		E4DABF152BC2CECB00AE9DFB /* NewsService.swift */ = {isa = PBXFileReference; lastKnownFileType = sourcecode.swift; path = NewsService.swift; sourceTree = "<group>"; };
		E4DABF172BC2D46100AE9DFB /* String + Extension.swift */ = {isa = PBXFileReference; lastKnownFileType = sourcecode.swift; path = "String + Extension.swift"; sourceTree = "<group>"; };
		E4DABF192BC2D4DE00AE9DFB /* HIDEAPIKEY++Bundle.swift */ = {isa = PBXFileReference; lastKnownFileType = sourcecode.swift; path = "HIDEAPIKEY++Bundle.swift"; sourceTree = "<group>"; };
		E4DABF2E2BC2EDC500AE9DFB /* ChatGPTService.swift */ = {isa = PBXFileReference; lastKnownFileType = sourcecode.swift; path = ChatGPTService.swift; sourceTree = "<group>"; };
		E4DABF312BC2EDEA00AE9DFB /* ChatServiceModel.swift */ = {isa = PBXFileReference; lastKnownFileType = sourcecode.swift; path = ChatServiceModel.swift; sourceTree = "<group>"; };
		E4DABF352BC2FB9500AE9DFB /* GetNameService.swift */ = {isa = PBXFileReference; lastKnownFileType = sourcecode.swift; path = GetNameService.swift; sourceTree = "<group>"; };
		E4DC77D02C4FA3B600B45001 /* SearchResult.swift */ = {isa = PBXFileReference; lastKnownFileType = sourcecode.swift; path = SearchResult.swift; sourceTree = "<group>"; };
		E4DC77DA2C50199700B45001 /* ChartInfo.swift */ = {isa = PBXFileReference; lastKnownFileType = sourcecode.swift; path = ChartInfo.swift; sourceTree = "<group>"; };
		E4DC77DF2C50DD8C00B45001 /* FinancialNetwork.swift */ = {isa = PBXFileReference; lastKnownFileType = sourcecode.swift; path = FinancialNetwork.swift; sourceTree = "<group>"; };
		E4DC77E22C50E34C00B45001 /* FinancialModel.swift */ = {isa = PBXFileReference; lastKnownFileType = sourcecode.swift; path = FinancialModel.swift; sourceTree = "<group>"; };
		E4DC77E42C50ED6700B45001 /* FinancialResult.swift */ = {isa = PBXFileReference; lastKnownFileType = sourcecode.swift; path = FinancialResult.swift; sourceTree = "<group>"; };
/* End PBXFileReference section */

/* Begin PBXFrameworksBuildPhase section */
		E4CAF4922BB9808300CB18EC /* Frameworks */ = {
			isa = PBXFrameworksBuildPhase;
			buildActionMask = 2147483647;
			files = (
				E40B27182D426F4700A16D4C /* Toast in Frameworks */,
				E4F56AE42C5F4EAC00FE4DDF /* GoogleMobileAds in Frameworks */,
				E4CAF4D72BB9AE0900CB18EC /* Kingfisher in Frameworks */,
				E4DABECF2BBEB68E00AE9DFB /* iOSDropDown in Frameworks */,
				E4DABEBC2BBC7A2200AE9DFB /* NVActivityIndicatorView in Frameworks */,
				E4CAF4BC2BB982FD00CB18EC /* Alamofire in Frameworks */,
				E4CAF4B62BB982C600CB18EC /* SnapKit in Frameworks */,
				E4CAF4B32BB982BD00CB18EC /* RxSwift in Frameworks */,
				E4CAF4B92BB982F200CB18EC /* SwiftKeychainWrapper in Frameworks */,
				E4CAF4DF2BBBB6F800CB18EC /* DGCharts in Frameworks */,
				E4CAF4B12BB982BD00CB18EC /* RxCocoa in Frameworks */,
			);
			runOnlyForDeploymentPostprocessing = 0;
		};
/* End PBXFrameworksBuildPhase section */

/* Begin PBXGroup section */
		E43C7EA92D3E3AE2009C81C2 /* General */ = {
			isa = PBXGroup;
			children = (
				E4788FAE2D4A8B0A008D4B3A /* Portfolio */,
				E4788F872D49FAE4008D4B3A /* Profile */,
				E43C7EAA2D3E3B00009C81C2 /* Home */,
			);
			path = General;
			sourceTree = "<group>";
		};
		E43C7EAA2D3E3B00009C81C2 /* Home */ = {
			isa = PBXGroup;
			children = (
				E43C7EC02D3E478C009C81C2 /* ChartHostingViewController.swift */,
				E43C7EC12D3E478C009C81C2 /* ChartView.swift */,
				E43C7EC22D3E478C009C81C2 /* DetailChartView.swift */,
				E40B246C2D41008D00A16D4C /* CandleChartView.swift */,
				E4788EE42D49F65D008D4B3A /* CustomProfileButton.swift */,
			);
			path = Home;
			sourceTree = "<group>";
		};
		E43C7EB12D3E3BA0009C81C2 /* Extension */ = {
			isa = PBXGroup;
			children = (
				E4788E382D49E8B5008D4B3A /* Color + Extension.swift */,
				E4DABF172BC2D46100AE9DFB /* String + Extension.swift */,
				E43C7EAD2D3E3B8F009C81C2 /* UIViewController + Extension.swift */,
				E40B27192D426FEF00A16D4C /* UIView + Extension.swift */,
				E4788ED92D49F583008D4B3A /* UIButton + Extension.swift */,
				E4788EE62D49F67E008D4B3A /* UIImageView + Extension.swift */,
			);
			path = Extension;
			sourceTree = "<group>";
		};
		E43C7EB22D3E3C9B009C81C2 /* View */ = {
			isa = PBXGroup;
			children = (
				E4788FAF2D4A8B21008D4B3A /* Portfolio */,
				E4788F9F2D4A1F2C008D4B3A /* CryptoInput */,
				E4788F8C2D49FB40008D4B3A /* MyPage */,
				E4788EDF2D49F5E2008D4B3A /* Profile */,
				E43C7EB32D3E3CA0009C81C2 /* Home */,
			);
			path = View;
			sourceTree = "<group>";
		};
		E43C7EB32D3E3CA0009C81C2 /* Home */ = {
			isa = PBXGroup;
			children = (
				E43C7EB42D3E3CB6009C81C2 /* HomeItems.swift */,
				E43C81812D3FC25A009C81C2 /* GreedModel.swift */,
				E43C7EC62D3E489F009C81C2 /* ChartData.swift */,
				E4788FA22D4A4E85008D4B3A /* HeartItem.swift */,
			);
			path = Home;
			sourceTree = "<group>";
		};
		E45B49B82D38C518008803B6 /* Delegate */ = {
			isa = PBXGroup;
			children = (
				E45B49B62D38C518008803B6 /* AppDelegate.swift */,
				E45B49B72D38C518008803B6 /* SceneDelegate.swift */,
			);
			path = Delegate;
			sourceTree = "<group>";
		};
		E45B49BD2D38C518008803B6 /* App */ = {
			isa = PBXGroup;
			children = (
				E45B49B82D38C518008803B6 /* Delegate */,
				E45B49B92D38C518008803B6 /* Assets.xcassets */,
				E45B49BA2D38C518008803B6 /* Color.xcassets */,
				E40B24702D410A7800A16D4C /* LaunchScreen.storyboard */,
			);
			path = App;
			sourceTree = "<group>";
		};
		E4788C632D48FD29008D4B3A /* Cell */ = {
			isa = PBXGroup;
			children = (
				E4788C642D48FD2F008D4B3A /* TableCell */,
				E492F2CA2C43C4340012B7F3 /* CollectionCell */,
			);
			path = Cell;
			sourceTree = "<group>";
		};
		E4788C642D48FD2F008D4B3A /* TableCell */ = {
			isa = PBXGroup;
			children = (
				E4788CFF2D491C5F008D4B3A /* NewsListTableViewCell.swift */,
				E4788D012D491C82008D4B3A /* TicksTableViewCell.swift */,
				E4788D032D491CA7008D4B3A /* AdsTableViewCell.swift */,
				E4788D052D491CD2008D4B3A /* ChartTableViewCell.swift */,
				E4788F952D4A060E008D4B3A /* HomeProfileTableViewCell.swift */,
			);
			path = TableCell;
			sourceTree = "<group>";
		};
		E4788E372D49E7FE008D4B3A /* TabBar */ = {
			isa = PBXGroup;
			children = (
				E4788E3A2D49E97B008D4B3A /* TabBarController.swift */,
			);
			path = TabBar;
			sourceTree = "<group>";
		};
		E4788ED62D49F540008D4B3A /* Onboarding */ = {
			isa = PBXGroup;
			children = (
				E4788ED72D49F54A008D4B3A /* OnboardingViewController.swift */,
			);
			path = Onboarding;
			sourceTree = "<group>";
		};
		E4788EDB2D49F5A8008D4B3A /* Profile */ = {
			isa = PBXGroup;
			children = (
				E4788EDC2D49F5B2008D4B3A /* ProfileViewController.swift */,
				E4788EE22D49F615008D4B3A /* ProfileImageViewController.swift */,
				E4788F8F2D49FBE2008D4B3A /* SheetProfileViewController.swift */,
				E4788F912D49FC1A008D4B3A /* ProfileImageCollectionViewCell.swift */,
			);
			path = Profile;
			sourceTree = "<group>";
		};
		E4788EDF2D49F5E2008D4B3A /* Profile */ = {
			isa = PBXGroup;
			children = (
				E4788EE02D49F5E9008D4B3A /* NickName.swift */,
				E4788EE82D49F720008D4B3A /* ProfileData.swift */,
				E4788F8A2D49FB16008D4B3A /* UserInfo.swift */,
			);
			path = Profile;
			sourceTree = "<group>";
		};
		E4788F822D49FAB0008D4B3A /* MyPage */ = {
			isa = PBXGroup;
			children = (
				E4788F832D49FABB008D4B3A /* MyPageViewController.swift */,
				E4788F852D49FACC008D4B3A /* MyPageSectionButton.swift */,
			);
			path = MyPage;
			sourceTree = "<group>";
		};
		E4788F872D49FAE4008D4B3A /* Profile */ = {
			isa = PBXGroup;
			children = (
				E4788F882D49FAED008D4B3A /* MyProfileView.swift */,
			);
			path = Profile;
			sourceTree = "<group>";
		};
		E4788F8C2D49FB40008D4B3A /* MyPage */ = {
			isa = PBXGroup;
			children = (
				E4788F8D2D49FB48008D4B3A /* MyPageType.swift */,
			);
			path = MyPage;
			sourceTree = "<group>";
		};
		E4788F9C2D4A1F01008D4B3A /* CryptoInput */ = {
			isa = PBXGroup;
			children = (
				E4788F972D4A1853008D4B3A /* CryptoInputViewController.swift */,
				E4788F9A2D4A189D008D4B3A /* CryptoCell.swift */,
			);
			path = CryptoInput;
			sourceTree = "<group>";
		};
		E4788F9F2D4A1F2C008D4B3A /* CryptoInput */ = {
			isa = PBXGroup;
			children = (
				E4788FA02D4A1F3C008D4B3A /* CryptoInput.swift */,
			);
			path = CryptoInput;
			sourceTree = "<group>";
		};
		E4788FA42D4A8A61008D4B3A /* Portfolio */ = {
			isa = PBXGroup;
			children = (
				E4788FA52D4A8A76008D4B3A /* PortfolioViewController.swift */,
				E4788FA72D4A8A7C008D4B3A /* PortfolioViewModel.swift */,
				E4788FAC2D4A8AE8008D4B3A /* PortfolioTableViewCell.swift */,
			);
			path = Portfolio;
			sourceTree = "<group>";
		};
		E4788FAE2D4A8B0A008D4B3A /* Portfolio */ = {
			isa = PBXGroup;
			children = (
				E4788FAA2D4A8ACA008D4B3A /* PortfolioSummaryView.swift */,
			);
			path = Portfolio;
			sourceTree = "<group>";
		};
		E4788FAF2D4A8B21008D4B3A /* Portfolio */ = {
			isa = PBXGroup;
			children = (
				E4788FB02D4A8B37008D4B3A /* PortfolioModel.swift */,
			);
			path = Portfolio;
			sourceTree = "<group>";
		};
		E492F2C52C43BD4C0012B7F3 /* Home */ = {
			isa = PBXGroup;
			children = (
				E4788C632D48FD29008D4B3A /* Cell */,
				E492F2C62C43BD5E0012B7F3 /* HomeViewController.swift */,
				E492F2C82C43BF560012B7F3 /* HomeViewModel.swift */,
			);
			path = Home;
			sourceTree = "<group>";
		};
		E492F2CA2C43C4340012B7F3 /* CollectionCell */ = {
			isa = PBXGroup;
			children = (
				E492F2CE2C46D6E80012B7F3 /* NewsListCollectionViewCell.swift */,
				E483068D2C49651C0017F6B2 /* TicksCollectionViewCell.swift */,
				E43C7EC82D3E4D76009C81C2 /* ChartCell.swift */,
			);
			path = CollectionCell;
			sourceTree = "<group>";
		};
		E4CAF48C2BB9808200CB18EC = {
			isa = PBXGroup;
			children = (
				E45B49802D388BFD008803B6 /* .gitignore */,
				E4CAF4972BB9808300CB18EC /* FinancialApp */,
				E4CAF4962BB9808300CB18EC /* Products */,
			);
			sourceTree = "<group>";
		};
		E4CAF4962BB9808300CB18EC /* Products */ = {
			isa = PBXGroup;
			children = (
				E4CAF4952BB9808300CB18EC /* FinancialApp.app */,
			);
			name = Products;
			sourceTree = "<group>";
		};
		E4CAF4972BB9808300CB18EC /* FinancialApp */ = {
			isa = PBXGroup;
			children = (
				E4CAF4A62BB9808400CB18EC /* Info.plist */,
				E43C7EB62D3E3D89009C81C2 /* ApiKeyList.plist */,
				E4CAF4D42BB9A77400CB18EC /* Service */,
				E4CAF4D02BB9889F00CB18EC /* Model */,
				E43C7EA92D3E3AE2009C81C2 /* General */,
				E4CAF4BD2BB9831B00CB18EC /* Core */,
				E4CAF4AE2BB980C600CB18EC /* Feature */,
				E45B49BD2D38C518008803B6 /* App */,
			);
			path = FinancialApp;
			sourceTree = "<group>";
		};
		E4CAF4AE2BB980C600CB18EC /* Feature */ = {
			isa = PBXGroup;
			children = (
				E4788FA42D4A8A61008D4B3A /* Portfolio */,
				E4788F9C2D4A1F01008D4B3A /* CryptoInput */,
				E4788F822D49FAB0008D4B3A /* MyPage */,
				E4788EDB2D49F5A8008D4B3A /* Profile */,
				E4788ED62D49F540008D4B3A /* Onboarding */,
				E4788E372D49E7FE008D4B3A /* TabBar */,
				E4CAF4EB2BBBD03800CB18EC /* Heart */,
				E492F2C52C43BD4C0012B7F3 /* Home */,
			);
			path = Feature;
			sourceTree = "<group>";
		};
		E4CAF4BD2BB9831B00CB18EC /* Core */ = {
			isa = PBXGroup;
			children = (
				E43C7EB12D3E3BA0009C81C2 /* Extension */,
				E43C7EAF2D3E3B92009C81C2 /* UserDefinedFunction.swift */,
				E4DABF192BC2D4DE00AE9DFB /* HIDEAPIKEY++Bundle.swift */,
				E4DC77DA2C50199700B45001 /* ChartInfo.swift */,
				E43C80A92D3F40EB009C81C2 /* CryptoData.swift */,
			);
			path = Core;
			sourceTree = "<group>";
		};
		E4CAF4D02BB9889F00CB18EC /* Model */ = {
			isa = PBXGroup;
			children = (
				E43C7EB22D3E3C9B009C81C2 /* View */,
				E4CAF4DA2BB9B4C000CB18EC /* Service */,
				E48306892C4914F90017F6B2 /* CoinResult.swift */,
				E4DC77D02C4FA3B600B45001 /* SearchResult.swift */,
				E4DC77E42C50ED6700B45001 /* FinancialResult.swift */,
				E43C80A52D3F34CF009C81C2 /* DatabaseObject.swift */,
				E4788CFD2D491961008D4B3A /* NetworkError.swift */,
			);
			path = Model;
			sourceTree = "<group>";
		};
		E4CAF4D42BB9A77400CB18EC /* Service */ = {
			isa = PBXGroup;
			children = (
				E43C7EBA2D3E45F4009C81C2 /* NetworkManager.swift */,
				E43C7EBC2D3E4650009C81C2 /* APIEndpoint.swift */,
				E40B247D2D41156200A16D4C /* Database.swift */,
				E4DC77DE2C50DD3D00B45001 /* Financial */,
				E4DABF262BC2E79F00AE9DFB /* Ai */,
				E4DABF0B2BC2CBD900AE9DFB /* News */,
				E4CAF4E32BBBC91400CB18EC /* Coin */,
			);
			path = Service;
			sourceTree = "<group>";
		};
		E4CAF4DA2BB9B4C000CB18EC /* Service */ = {
			isa = PBXGroup;
			children = (
				E4DC77E12C50DFA000B45001 /* Financial */,
				E4DABF302BC2EDDF00AE9DFB /* Chat */,
				E4DABF0C2BC2CBE300AE9DFB /* News */,
				E4DABEF02BC0108000AE9DFB /* OrderBook */,
				E4DABED02BBF0CE700AE9DFB /* Trades */,
				E4DABECA2BBEB21300AE9DFB /* Candle */,
				E4DABEC92BBEB20A00AE9DFB /* CoinInfo */,
			);
			path = Service;
			sourceTree = "<group>";
		};
		E4CAF4E32BBBC91400CB18EC /* Coin */ = {
			isa = PBXGroup;
			children = (
				E4DABEDE2BBF177500AE9DFB /* OrderBook */,
				E4DABED32BBF0D2600AE9DFB /* Trades */,
				E4DABEC62BBEB19100AE9DFB /* Candle */,
				E4DABEC52BBEB18900AE9DFB /* Info */,
				E4DABEC42BBEB17C00AE9DFB /* Search */,
			);
			path = Coin;
			sourceTree = "<group>";
		};
		E4CAF4EB2BBBD03800CB18EC /* Heart */ = {
			isa = PBXGroup;
			children = (
				E4CAF4EC2BBBD04500CB18EC /* HeartViewController.swift */,
				E4CAF4EE2BBBD04D00CB18EC /* HeartViewModel.swift */,
				E40B247F2D411D3600A16D4C /* HeartTableViewCell.swift */,
				E40B271B2D42816E00A16D4C /* HeartCustomView.swift */,
			);
			path = Heart;
			sourceTree = "<group>";
		};
		E4DABEC42BBEB17C00AE9DFB /* Search */ = {
			isa = PBXGroup;
			children = (
				E4CAF4E42BBBC9F900CB18EC /* SearchCoin.swift */,
				E4DABEEE2BBFFC9400AE9DFB /* SearchOrder.swift */,
			);
			path = Search;
			sourceTree = "<group>";
		};
		E4DABEC52BBEB18900AE9DFB /* Info */ = {
			isa = PBXGroup;
			children = (
				E4CAF4D82BB9B2AD00CB18EC /* CoinService.swift */,
				E4DABEE52BBFBC8900AE9DFB /* GetImageService.swift */,
			);
			path = Info;
			sourceTree = "<group>";
		};
		E4DABEC62BBEB19100AE9DFB /* Candle */ = {
			isa = PBXGroup;
			children = (
				E4DABEC72BBEB19F00AE9DFB /* CandleService.swift */,
			);
			path = Candle;
			sourceTree = "<group>";
		};
		E4DABEC92BBEB20A00AE9DFB /* CoinInfo */ = {
			isa = PBXGroup;
			children = (
				E4CAF4DB2BB9B61C00CB18EC /* GetAllCoinModel.swift */,
			);
			path = CoinInfo;
			sourceTree = "<group>";
		};
		E4DABECA2BBEB21300AE9DFB /* Candle */ = {
			isa = PBXGroup;
			children = (
				E4DABECB2BBEB21C00AE9DFB /* CandleModel.swift */,
			);
			path = Candle;
			sourceTree = "<group>";
		};
		E4DABED02BBF0CE700AE9DFB /* Trades */ = {
			isa = PBXGroup;
			children = (
				E4DABED12BBF0D0200AE9DFB /* TradesModel.swift */,
				E4DABEE72BBFBDB800AE9DFB /* GetPaprikaModel.swift */,
			);
			path = Trades;
			sourceTree = "<group>";
		};
		E4DABED32BBF0D2600AE9DFB /* Trades */ = {
			isa = PBXGroup;
			children = (
				E4DABED42BBF0D3200AE9DFB /* TradesService.swift */,
			);
			path = Trades;
			sourceTree = "<group>";
		};
		E4DABEDE2BBF177500AE9DFB /* OrderBook */ = {
			isa = PBXGroup;
			children = (
				E4DABEDF2BBF17A600AE9DFB /* OrderBookService.swift */,
			);
			path = OrderBook;
			sourceTree = "<group>";
		};
		E4DABEF02BC0108000AE9DFB /* OrderBook */ = {
			isa = PBXGroup;
			children = (
				E4DABEF12BC0108C00AE9DFB /* OrderBookModel.swift */,
			);
			path = OrderBook;
			sourceTree = "<group>";
		};
		E4DABF0B2BC2CBD900AE9DFB /* News */ = {
			isa = PBXGroup;
			children = (
				E4DABF152BC2CECB00AE9DFB /* NewsService.swift */,
			);
			path = News;
			sourceTree = "<group>";
		};
		E4DABF0C2BC2CBE300AE9DFB /* News */ = {
			isa = PBXGroup;
			children = (
				E4DABF132BC2CEC200AE9DFB /* NewsServiceModel.swift */,
			);
			path = News;
			sourceTree = "<group>";
		};
		E4DABF262BC2E79F00AE9DFB /* Ai */ = {
			isa = PBXGroup;
			children = (
				E4DABF2E2BC2EDC500AE9DFB /* ChatGPTService.swift */,
				E4DABF352BC2FB9500AE9DFB /* GetNameService.swift */,
			);
			path = Ai;
			sourceTree = "<group>";
		};
		E4DABF302BC2EDDF00AE9DFB /* Chat */ = {
			isa = PBXGroup;
			children = (
				E4DABF312BC2EDEA00AE9DFB /* ChatServiceModel.swift */,
				E4989ED92BC43FA400D888DC /* ChatModel.swift */,
			);
			path = Chat;
			sourceTree = "<group>";
		};
		E4DC77DE2C50DD3D00B45001 /* Financial */ = {
			isa = PBXGroup;
			children = (
				E4DC77DF2C50DD8C00B45001 /* FinancialNetwork.swift */,
			);
			path = Financial;
			sourceTree = "<group>";
		};
		E4DC77E12C50DFA000B45001 /* Financial */ = {
			isa = PBXGroup;
			children = (
				E4DC77E22C50E34C00B45001 /* FinancialModel.swift */,
			);
			path = Financial;
			sourceTree = "<group>";
		};
/* End PBXGroup section */

/* Begin PBXNativeTarget section */
		E4CAF4942BB9808300CB18EC /* FinancialApp */ = {
			isa = PBXNativeTarget;
			buildConfigurationList = E4CAF4A92BB9808400CB18EC /* Build configuration list for PBXNativeTarget "FinancialApp" */;
			buildPhases = (
				E4CAF4912BB9808300CB18EC /* Sources */,
				E4CAF4922BB9808300CB18EC /* Frameworks */,
				E4CAF4932BB9808300CB18EC /* Resources */,
				E40B248A2D41254A00A16D4C /* Embed Frameworks */,
			);
			buildRules = (
			);
			dependencies = (
			);
			name = FinancialApp;
			packageProductDependencies = (
				E4CAF4B02BB982BD00CB18EC /* RxCocoa */,
				E4CAF4B22BB982BD00CB18EC /* RxSwift */,
				E4CAF4B52BB982C600CB18EC /* SnapKit */,
				E4CAF4B82BB982F200CB18EC /* SwiftKeychainWrapper */,
				E4CAF4BB2BB982FD00CB18EC /* Alamofire */,
				E4CAF4D62BB9AE0900CB18EC /* Kingfisher */,
				E4CAF4DE2BBBB6F800CB18EC /* DGCharts */,
				E4DABEBB2BBC7A2200AE9DFB /* NVActivityIndicatorView */,
				E4DABECE2BBEB68E00AE9DFB /* iOSDropDown */,
				E4F56AE32C5F4EAC00FE4DDF /* GoogleMobileAds */,
				E40B27172D426F4700A16D4C /* Toast */,
			);
			productName = Beecher;
			productReference = E4CAF4952BB9808300CB18EC /* FinancialApp.app */;
			productType = "com.apple.product-type.application";
		};
/* End PBXNativeTarget section */

/* Begin PBXProject section */
		E4CAF48D2BB9808300CB18EC /* Project object */ = {
			isa = PBXProject;
			attributes = {
				BuildIndependentTargetsInParallel = 1;
				LastSwiftUpdateCheck = 1430;
				LastUpgradeCheck = 1620;
				TargetAttributes = {
					E4CAF4942BB9808300CB18EC = {
						CreatedOnToolsVersion = 14.3.1;
					};
				};
			};
			buildConfigurationList = E4CAF4902BB9808300CB18EC /* Build configuration list for PBXProject "FinancialApp" */;
			compatibilityVersion = "Xcode 14.0";
			developmentRegion = en;
			hasScannedForEncodings = 0;
			knownRegions = (
				en,
				Base,
			);
			mainGroup = E4CAF48C2BB9808200CB18EC;
			packageReferences = (
				E4CAF4AF2BB982BD00CB18EC /* XCRemoteSwiftPackageReference "RxSwift" */,
				E4CAF4B42BB982C600CB18EC /* XCRemoteSwiftPackageReference "SnapKit" */,
				E4CAF4B72BB982F200CB18EC /* XCRemoteSwiftPackageReference "SwiftKeychainWrapper" */,
				E4CAF4BA2BB982FD00CB18EC /* XCRemoteSwiftPackageReference "Alamofire" */,
				E4CAF4D52BB9AE0900CB18EC /* XCRemoteSwiftPackageReference "Kingfisher" */,
				E4CAF4DD2BBBB6F800CB18EC /* XCRemoteSwiftPackageReference "Charts" */,
				E4DABEBA2BBC7A2200AE9DFB /* XCRemoteSwiftPackageReference "NVActivityIndicatorView" */,
				E4DABECD2BBEB68D00AE9DFB /* XCRemoteSwiftPackageReference "iOSDropDown" */,
				E4F56AE22C5F4EAC00FE4DDF /* XCRemoteSwiftPackageReference "swift-package-manager-google-mobile-ads" */,
				E40B27162D426F4700A16D4C /* XCRemoteSwiftPackageReference "Toast-Swift" */,
			);
			productRefGroup = E4CAF4962BB9808300CB18EC /* Products */;
			projectDirPath = "";
			projectRoot = "";
			targets = (
				E4CAF4942BB9808300CB18EC /* FinancialApp */,
			);
		};
/* End PBXProject section */

/* Begin PBXResourcesBuildPhase section */
		E4CAF4932BB9808300CB18EC /* Resources */ = {
			isa = PBXResourcesBuildPhase;
			buildActionMask = 2147483647;
			files = (
				E45B49C02D38C518008803B6 /* Assets.xcassets in Resources */,
				E45B49C12D38C518008803B6 /* Color.xcassets in Resources */,
				E43C7EB72D3E3D89009C81C2 /* ApiKeyList.plist in Resources */,
				E40B24712D410A7800A16D4C /* LaunchScreen.storyboard in Resources */,
				E45B49812D388BFD008803B6 /* .gitignore in Resources */,
			);
			runOnlyForDeploymentPostprocessing = 0;
		};
/* End PBXResourcesBuildPhase section */

/* Begin PBXSourcesBuildPhase section */
		E4CAF4912BB9808300CB18EC /* Sources */ = {
			isa = PBXSourcesBuildPhase;
			buildActionMask = 2147483647;
			files = (
				E4788F902D49FBE2008D4B3A /* SheetProfileViewController.swift in Sources */,
				E4788EE52D49F65D008D4B3A /* CustomProfileButton.swift in Sources */,
				E43C80AA2D3F40EB009C81C2 /* CryptoData.swift in Sources */,
				E40B247E2D41156200A16D4C /* Database.swift in Sources */,
				E4788D002D491C5F008D4B3A /* NewsListTableViewCell.swift in Sources */,
				E492F2CF2C46D6E90012B7F3 /* NewsListCollectionViewCell.swift in Sources */,
				E4788ED82D49F54A008D4B3A /* OnboardingViewController.swift in Sources */,
				E4DC77E32C50E34D00B45001 /* FinancialModel.swift in Sources */,
				E492F2C92C43BF560012B7F3 /* HomeViewModel.swift in Sources */,
				E492F2C72C43BD5E0012B7F3 /* HomeViewController.swift in Sources */,
				E4DABEE82BBFBDB800AE9DFB /* GetPaprikaModel.swift in Sources */,
				E40B271C2D42816E00A16D4C /* HeartCustomView.swift in Sources */,
				E4DABF1A2BC2D4DE00AE9DFB /* HIDEAPIKEY++Bundle.swift in Sources */,
				E4DABEF22BC0108C00AE9DFB /* OrderBookModel.swift in Sources */,
				E4788F842D49FABB008D4B3A /* MyPageViewController.swift in Sources */,
				E4788EE72D49F67E008D4B3A /* UIImageView + Extension.swift in Sources */,
				E4CAF4E52BBBC9F900CB18EC /* SearchCoin.swift in Sources */,
				E43C7EC32D3E478C009C81C2 /* ChartHostingViewController.swift in Sources */,
				E43C7EC42D3E478C009C81C2 /* ChartView.swift in Sources */,
				E43C7EC52D3E478C009C81C2 /* DetailChartView.swift in Sources */,
				E4788FAB2D4A8ACA008D4B3A /* PortfolioSummaryView.swift in Sources */,
				E43C81822D3FC25A009C81C2 /* GreedModel.swift in Sources */,
				E4788FA62D4A8A76008D4B3A /* PortfolioViewController.swift in Sources */,
				E4DABF142BC2CEC200AE9DFB /* NewsServiceModel.swift in Sources */,
				E4788F982D4A1853008D4B3A /* CryptoInputViewController.swift in Sources */,
				E40B246D2D41008D00A16D4C /* CandleChartView.swift in Sources */,
				E4DABF182BC2D46100AE9DFB /* String + Extension.swift in Sources */,
				E4DC77DB2C50199700B45001 /* ChartInfo.swift in Sources */,
				E4788F8E2D49FB48008D4B3A /* MyPageType.swift in Sources */,
				E4DABEE02BBF17A600AE9DFB /* OrderBookService.swift in Sources */,
				E43C7EAE2D3E3B8F009C81C2 /* UIViewController + Extension.swift in Sources */,
				E4DC77E52C50ED6700B45001 /* FinancialResult.swift in Sources */,
				E40B271A2D426FEF00A16D4C /* UIView + Extension.swift in Sources */,
				E4788EDA2D49F583008D4B3A /* UIButton + Extension.swift in Sources */,
				E4DABED52BBF0D3200AE9DFB /* TradesService.swift in Sources */,
				E4DABF322BC2EDEA00AE9DFB /* ChatServiceModel.swift in Sources */,
				E43C80A62D3F34CF009C81C2 /* DatabaseObject.swift in Sources */,
				E4DABECC2BBEB21C00AE9DFB /* CandleModel.swift in Sources */,
				E4CAF4DC2BB9B61C00CB18EC /* GetAllCoinModel.swift in Sources */,
				E4DABF2F2BC2EDC500AE9DFB /* ChatGPTService.swift in Sources */,
				E483068A2C4914F90017F6B2 /* CoinResult.swift in Sources */,
				E4788F9B2D4A189D008D4B3A /* CryptoCell.swift in Sources */,
				E4788E392D49E8B5008D4B3A /* Color + Extension.swift in Sources */,
				E4CAF4ED2BBBD04600CB18EC /* HeartViewController.swift in Sources */,
				E4788E3B2D49E97B008D4B3A /* TabBarController.swift in Sources */,
				E43C7EB52D3E3CB6009C81C2 /* HomeItems.swift in Sources */,
				E4788F922D49FC1A008D4B3A /* ProfileImageCollectionViewCell.swift in Sources */,
				E4DABF362BC2FB9500AE9DFB /* GetNameService.swift in Sources */,
				E4788FA82D4A8A7C008D4B3A /* PortfolioViewModel.swift in Sources */,
				E43C7EC92D3E4D76009C81C2 /* ChartCell.swift in Sources */,
				E4DABEEF2BBFFC9400AE9DFB /* SearchOrder.swift in Sources */,
				E4788F862D49FACC008D4B3A /* MyPageSectionButton.swift in Sources */,
				E4788FA12D4A1F3C008D4B3A /* CryptoInput.swift in Sources */,
				E43C7EB02D3E3B92009C81C2 /* UserDefinedFunction.swift in Sources */,
				E4788FB12D4A8B37008D4B3A /* PortfolioModel.swift in Sources */,
				E4788EE32D49F615008D4B3A /* ProfileImageViewController.swift in Sources */,
				E4DABEC82BBEB19F00AE9DFB /* CandleService.swift in Sources */,
				E40B24802D411D3600A16D4C /* HeartTableViewCell.swift in Sources */,
				E4DABED22BBF0D0200AE9DFB /* TradesModel.swift in Sources */,
				E4989EDA2BC43FA500D888DC /* ChatModel.swift in Sources */,
				E43C7EBD2D3E4650009C81C2 /* APIEndpoint.swift in Sources */,
				E4788FAD2D4A8AE8008D4B3A /* PortfolioTableViewCell.swift in Sources */,
				E4788F8B2D49FB16008D4B3A /* UserInfo.swift in Sources */,
				E4788EE12D49F5E9008D4B3A /* NickName.swift in Sources */,
				E4788EE92D49F720008D4B3A /* ProfileData.swift in Sources */,
				E4788F962D4A060F008D4B3A /* HomeProfileTableViewCell.swift in Sources */,
				E43C7EBB2D3E45F4009C81C2 /* NetworkManager.swift in Sources */,
				E4DABF162BC2CECB00AE9DFB /* NewsService.swift in Sources */,
				E4788D022D491C82008D4B3A /* TicksTableViewCell.swift in Sources */,
				E483068E2C49651C0017F6B2 /* TicksCollectionViewCell.swift in Sources */,
				E43C7EC72D3E489F009C81C2 /* ChartData.swift in Sources */,
				E4DC77D12C4FA3B600B45001 /* SearchResult.swift in Sources */,
				E4788D062D491CD2008D4B3A /* ChartTableViewCell.swift in Sources */,
				E4788F892D49FAED008D4B3A /* MyProfileView.swift in Sources */,
				E4DABEE62BBFBC8900AE9DFB /* GetImageService.swift in Sources */,
				E4788FA32D4A4E85008D4B3A /* HeartItem.swift in Sources */,
				E4CAF4EF2BBBD04D00CB18EC /* HeartViewModel.swift in Sources */,
				E4DC77E02C50DD8C00B45001 /* FinancialNetwork.swift in Sources */,
				E4CAF4D92BB9B2AD00CB18EC /* CoinService.swift in Sources */,
				E4788CFE2D491961008D4B3A /* NetworkError.swift in Sources */,
				E4788D042D491CA7008D4B3A /* AdsTableViewCell.swift in Sources */,
				E4788EDD2D49F5B2008D4B3A /* ProfileViewController.swift in Sources */,
				E45B49BE2D38C518008803B6 /* SceneDelegate.swift in Sources */,
				E45B49BF2D38C518008803B6 /* AppDelegate.swift in Sources */,
			);
			runOnlyForDeploymentPostprocessing = 0;
		};
/* End PBXSourcesBuildPhase section */

/* Begin XCBuildConfiguration section */
		E4CAF4A72BB9808400CB18EC /* Debug */ = {
			isa = XCBuildConfiguration;
			buildSettings = {
				ALWAYS_SEARCH_USER_PATHS = NO;
				ASSETCATALOG_COMPILER_GENERATE_SWIFT_ASSET_SYMBOL_EXTENSIONS = YES;
				CLANG_ANALYZER_NONNULL = YES;
				CLANG_ANALYZER_NUMBER_OBJECT_CONVERSION = YES_AGGRESSIVE;
				CLANG_CXX_LANGUAGE_STANDARD = "gnu++20";
				CLANG_ENABLE_MODULES = YES;
				CLANG_ENABLE_OBJC_ARC = YES;
				CLANG_ENABLE_OBJC_WEAK = YES;
				CLANG_WARN_BLOCK_CAPTURE_AUTORELEASING = YES;
				CLANG_WARN_BOOL_CONVERSION = YES;
				CLANG_WARN_COMMA = YES;
				CLANG_WARN_CONSTANT_CONVERSION = YES;
				CLANG_WARN_DEPRECATED_OBJC_IMPLEMENTATIONS = YES;
				CLANG_WARN_DIRECT_OBJC_ISA_USAGE = YES_ERROR;
				CLANG_WARN_DOCUMENTATION_COMMENTS = YES;
				CLANG_WARN_EMPTY_BODY = YES;
				CLANG_WARN_ENUM_CONVERSION = YES;
				CLANG_WARN_INFINITE_RECURSION = YES;
				CLANG_WARN_INT_CONVERSION = YES;
				CLANG_WARN_NON_LITERAL_NULL_CONVERSION = YES;
				CLANG_WARN_OBJC_IMPLICIT_RETAIN_SELF = YES;
				CLANG_WARN_OBJC_LITERAL_CONVERSION = YES;
				CLANG_WARN_OBJC_ROOT_CLASS = YES_ERROR;
				CLANG_WARN_QUOTED_INCLUDE_IN_FRAMEWORK_HEADER = YES;
				CLANG_WARN_RANGE_LOOP_ANALYSIS = YES;
				CLANG_WARN_STRICT_PROTOTYPES = YES;
				CLANG_WARN_SUSPICIOUS_MOVE = YES;
				CLANG_WARN_UNGUARDED_AVAILABILITY = YES_AGGRESSIVE;
				CLANG_WARN_UNREACHABLE_CODE = YES;
				CLANG_WARN__DUPLICATE_METHOD_MATCH = YES;
				COPY_PHASE_STRIP = NO;
				DEBUG_INFORMATION_FORMAT = dwarf;
				ENABLE_STRICT_OBJC_MSGSEND = YES;
				ENABLE_TESTABILITY = YES;
				ENABLE_USER_SCRIPT_SANDBOXING = YES;
				GCC_C_LANGUAGE_STANDARD = gnu11;
				GCC_DYNAMIC_NO_PIC = NO;
				GCC_NO_COMMON_BLOCKS = YES;
				GCC_OPTIMIZATION_LEVEL = 0;
				GCC_PREPROCESSOR_DEFINITIONS = (
					"DEBUG=1",
					"$(inherited)",
				);
				GCC_WARN_64_TO_32_BIT_CONVERSION = YES;
				GCC_WARN_ABOUT_RETURN_TYPE = YES_ERROR;
				GCC_WARN_UNDECLARED_SELECTOR = YES;
				GCC_WARN_UNINITIALIZED_AUTOS = YES_AGGRESSIVE;
				GCC_WARN_UNUSED_FUNCTION = YES;
				GCC_WARN_UNUSED_VARIABLE = YES;
				IPHONEOS_DEPLOYMENT_TARGET = 17.0;
				MTL_ENABLE_DEBUG_INFO = INCLUDE_SOURCE;
				MTL_FAST_MATH = YES;
				ONLY_ACTIVE_ARCH = YES;
				SDKROOT = iphoneos;
				SWIFT_ACTIVE_COMPILATION_CONDITIONS = DEBUG;
				SWIFT_OPTIMIZATION_LEVEL = "-Onone";
			};
			name = Debug;
		};
		E4CAF4A82BB9808400CB18EC /* Release */ = {
			isa = XCBuildConfiguration;
			buildSettings = {
				ALWAYS_SEARCH_USER_PATHS = NO;
				ASSETCATALOG_COMPILER_GENERATE_SWIFT_ASSET_SYMBOL_EXTENSIONS = YES;
				CLANG_ANALYZER_NONNULL = YES;
				CLANG_ANALYZER_NUMBER_OBJECT_CONVERSION = YES_AGGRESSIVE;
				CLANG_CXX_LANGUAGE_STANDARD = "gnu++20";
				CLANG_ENABLE_MODULES = YES;
				CLANG_ENABLE_OBJC_ARC = YES;
				CLANG_ENABLE_OBJC_WEAK = YES;
				CLANG_WARN_BLOCK_CAPTURE_AUTORELEASING = YES;
				CLANG_WARN_BOOL_CONVERSION = YES;
				CLANG_WARN_COMMA = YES;
				CLANG_WARN_CONSTANT_CONVERSION = YES;
				CLANG_WARN_DEPRECATED_OBJC_IMPLEMENTATIONS = YES;
				CLANG_WARN_DIRECT_OBJC_ISA_USAGE = YES_ERROR;
				CLANG_WARN_DOCUMENTATION_COMMENTS = YES;
				CLANG_WARN_EMPTY_BODY = YES;
				CLANG_WARN_ENUM_CONVERSION = YES;
				CLANG_WARN_INFINITE_RECURSION = YES;
				CLANG_WARN_INT_CONVERSION = YES;
				CLANG_WARN_NON_LITERAL_NULL_CONVERSION = YES;
				CLANG_WARN_OBJC_IMPLICIT_RETAIN_SELF = YES;
				CLANG_WARN_OBJC_LITERAL_CONVERSION = YES;
				CLANG_WARN_OBJC_ROOT_CLASS = YES_ERROR;
				CLANG_WARN_QUOTED_INCLUDE_IN_FRAMEWORK_HEADER = YES;
				CLANG_WARN_RANGE_LOOP_ANALYSIS = YES;
				CLANG_WARN_STRICT_PROTOTYPES = YES;
				CLANG_WARN_SUSPICIOUS_MOVE = YES;
				CLANG_WARN_UNGUARDED_AVAILABILITY = YES_AGGRESSIVE;
				CLANG_WARN_UNREACHABLE_CODE = YES;
				CLANG_WARN__DUPLICATE_METHOD_MATCH = YES;
				COPY_PHASE_STRIP = NO;
				DEBUG_INFORMATION_FORMAT = "dwarf-with-dsym";
				ENABLE_NS_ASSERTIONS = NO;
				ENABLE_STRICT_OBJC_MSGSEND = YES;
				ENABLE_USER_SCRIPT_SANDBOXING = YES;
				GCC_C_LANGUAGE_STANDARD = gnu11;
				GCC_NO_COMMON_BLOCKS = YES;
				GCC_WARN_64_TO_32_BIT_CONVERSION = YES;
				GCC_WARN_ABOUT_RETURN_TYPE = YES_ERROR;
				GCC_WARN_UNDECLARED_SELECTOR = YES;
				GCC_WARN_UNINITIALIZED_AUTOS = YES_AGGRESSIVE;
				GCC_WARN_UNUSED_FUNCTION = YES;
				GCC_WARN_UNUSED_VARIABLE = YES;
				IPHONEOS_DEPLOYMENT_TARGET = 17.0;
				MTL_ENABLE_DEBUG_INFO = NO;
				MTL_FAST_MATH = YES;
				SDKROOT = iphoneos;
				SWIFT_COMPILATION_MODE = wholemodule;
				SWIFT_OPTIMIZATION_LEVEL = "-O";
				VALIDATE_PRODUCT = YES;
			};
			name = Release;
		};
		E4CAF4AA2BB9808400CB18EC /* Debug */ = {
			isa = XCBuildConfiguration;
			buildSettings = {
				ALLOW_TARGET_PLATFORM_SPECIALIZATION = YES;
				ASSETCATALOG_COMPILER_APPICON_NAME = AppIcon;
				ASSETCATALOG_COMPILER_GLOBAL_ACCENT_COLOR_NAME = AccentColor;
				CODE_SIGN_STYLE = Automatic;
				CURRENT_PROJECT_VERSION = 1;
				DEVELOPMENT_TEAM = Q653PU93R6;
				ENABLE_USER_SCRIPT_SANDBOXING = NO;
				GENERATE_INFOPLIST_FILE = YES;
				INFOPLIST_FILE = FinancialApp/Info.plist;
				INFOPLIST_KEY_CFBundleDisplayName = "그래빗";
				INFOPLIST_KEY_NSUserTrackingUsageDescription = "귀하에게 개인화된 광고를 제공하는 데 사용됩니다.";
				INFOPLIST_KEY_UIApplicationSupportsIndirectInputEvents = YES;
				INFOPLIST_KEY_UILaunchStoryboardName = LaunchScreen.storyboard;
				INFOPLIST_KEY_UISupportedInterfaceOrientations = UIInterfaceOrientationPortrait;
				INFOPLIST_KEY_UISupportedInterfaceOrientations_iPad = "UIInterfaceOrientationLandscapeLeft UIInterfaceOrientationLandscapeRight UIInterfaceOrientationPortrait UIInterfaceOrientationPortraitUpsideDown";
				INFOPLIST_KEY_UIUserInterfaceStyle = Dark;
				IPHONEOS_DEPLOYMENT_TARGET = 16.0;
				LD_RUNPATH_SEARCH_PATHS = (
					"$(inherited)",
					"@executable_path/Frameworks",
				);
				MARKETING_VERSION = 2.0.0;
				OTHER_LDFLAGS = "-ObjC";
				PRODUCT_BUNDLE_IDENTIFIER = WEDLE.Bitcher;
				PRODUCT_NAME = "$(TARGET_NAME)";
				SUPPORTED_PLATFORMS = "iphoneos iphonesimulator";
				SUPPORTS_MACCATALYST = NO;
				SUPPORTS_MAC_DESIGNED_FOR_IPHONE_IPAD = NO;
				SUPPORTS_XR_DESIGNED_FOR_IPHONE_IPAD = NO;
				SWIFT_EMIT_LOC_STRINGS = YES;
				SWIFT_VERSION = 5.0;
				TARGETED_DEVICE_FAMILY = 1;
			};
			name = Debug;
		};
		E4CAF4AB2BB9808400CB18EC /* Release */ = {
			isa = XCBuildConfiguration;
			buildSettings = {
				ALLOW_TARGET_PLATFORM_SPECIALIZATION = YES;
				ASSETCATALOG_COMPILER_APPICON_NAME = AppIcon;
				ASSETCATALOG_COMPILER_GLOBAL_ACCENT_COLOR_NAME = AccentColor;
				CODE_SIGN_STYLE = Automatic;
				CURRENT_PROJECT_VERSION = 1;
				DEVELOPMENT_TEAM = Q653PU93R6;
				ENABLE_USER_SCRIPT_SANDBOXING = NO;
				GENERATE_INFOPLIST_FILE = YES;
				INFOPLIST_FILE = FinancialApp/Info.plist;
				INFOPLIST_KEY_CFBundleDisplayName = "그래빗";
				INFOPLIST_KEY_NSUserTrackingUsageDescription = "귀하에게 개인화된 광고를 제공하는 데 사용됩니다.";
				INFOPLIST_KEY_UIApplicationSupportsIndirectInputEvents = YES;
				INFOPLIST_KEY_UILaunchStoryboardName = LaunchScreen.storyboard;
				INFOPLIST_KEY_UISupportedInterfaceOrientations = UIInterfaceOrientationPortrait;
				INFOPLIST_KEY_UISupportedInterfaceOrientations_iPad = "UIInterfaceOrientationLandscapeLeft UIInterfaceOrientationLandscapeRight UIInterfaceOrientationPortrait UIInterfaceOrientationPortraitUpsideDown";
				INFOPLIST_KEY_UIUserInterfaceStyle = Dark;
				IPHONEOS_DEPLOYMENT_TARGET = 16.0;
				LD_RUNPATH_SEARCH_PATHS = (
					"$(inherited)",
					"@executable_path/Frameworks",
				);
				MARKETING_VERSION = 2.0.0;
				OTHER_LDFLAGS = "-ObjC";
				PRODUCT_BUNDLE_IDENTIFIER = WEDLE.Bitcher;
				PRODUCT_NAME = "$(TARGET_NAME)";
				SUPPORTED_PLATFORMS = "iphoneos iphonesimulator";
				SUPPORTS_MACCATALYST = NO;
				SUPPORTS_MAC_DESIGNED_FOR_IPHONE_IPAD = NO;
				SUPPORTS_XR_DESIGNED_FOR_IPHONE_IPAD = NO;
				SWIFT_EMIT_LOC_STRINGS = YES;
				SWIFT_VERSION = 5.0;
				TARGETED_DEVICE_FAMILY = 1;
			};
			name = Release;
		};
/* End XCBuildConfiguration section */

/* Begin XCConfigurationList section */
		E4CAF4902BB9808300CB18EC /* Build configuration list for PBXProject "FinancialApp" */ = {
			isa = XCConfigurationList;
			buildConfigurations = (
				E4CAF4A72BB9808400CB18EC /* Debug */,
				E4CAF4A82BB9808400CB18EC /* Release */,
			);
			defaultConfigurationIsVisible = 0;
			defaultConfigurationName = Release;
		};
		E4CAF4A92BB9808400CB18EC /* Build configuration list for PBXNativeTarget "FinancialApp" */ = {
			isa = XCConfigurationList;
			buildConfigurations = (
				E4CAF4AA2BB9808400CB18EC /* Debug */,
				E4CAF4AB2BB9808400CB18EC /* Release */,
			);
			defaultConfigurationIsVisible = 0;
			defaultConfigurationName = Release;
		};
/* End XCConfigurationList section */

/* Begin XCRemoteSwiftPackageReference section */
		E40B27162D426F4700A16D4C /* XCRemoteSwiftPackageReference "Toast-Swift" */ = {
			isa = XCRemoteSwiftPackageReference;
			repositoryURL = "https://github.com/scalessec/Toast-Swift.git";
			requirement = {
				kind = upToNextMajorVersion;
				minimumVersion = 5.1.1;
			};
		};
		E4CAF4AF2BB982BD00CB18EC /* XCRemoteSwiftPackageReference "RxSwift" */ = {
			isa = XCRemoteSwiftPackageReference;
			repositoryURL = "https://github.com/ReactiveX/RxSwift.git";
			requirement = {
				kind = upToNextMajorVersion;
				minimumVersion = 6.0.0;
			};
		};
		E4CAF4B42BB982C600CB18EC /* XCRemoteSwiftPackageReference "SnapKit" */ = {
			isa = XCRemoteSwiftPackageReference;
			repositoryURL = "https://github.com/SnapKit/SnapKit.git";
			requirement = {
				kind = upToNextMajorVersion;
				minimumVersion = 5.0.0;
			};
		};
		E4CAF4B72BB982F200CB18EC /* XCRemoteSwiftPackageReference "SwiftKeychainWrapper" */ = {
			isa = XCRemoteSwiftPackageReference;
			repositoryURL = "https://github.com/jrendel/SwiftKeychainWrapper.git";
			requirement = {
				kind = upToNextMajorVersion;
				minimumVersion = 4.0.0;
			};
		};
		E4CAF4BA2BB982FD00CB18EC /* XCRemoteSwiftPackageReference "Alamofire" */ = {
			isa = XCRemoteSwiftPackageReference;
			repositoryURL = "https://github.com/Alamofire/Alamofire.git";
			requirement = {
				kind = upToNextMajorVersion;
				minimumVersion = 5.0.0;
			};
		};
		E4CAF4D52BB9AE0900CB18EC /* XCRemoteSwiftPackageReference "Kingfisher" */ = {
			isa = XCRemoteSwiftPackageReference;
			repositoryURL = "https://github.com/onevcat/Kingfisher.git";
			requirement = {
				kind = upToNextMajorVersion;
				minimumVersion = 7.0.0;
			};
		};
		E4CAF4DD2BBBB6F800CB18EC /* XCRemoteSwiftPackageReference "Charts" */ = {
			isa = XCRemoteSwiftPackageReference;
			repositoryURL = "https://github.com/danielgindi/Charts.git";
			requirement = {
				kind = upToNextMajorVersion;
				minimumVersion = 5.0.0;
			};
		};
		E4DABEBA2BBC7A2200AE9DFB /* XCRemoteSwiftPackageReference "NVActivityIndicatorView" */ = {
			isa = XCRemoteSwiftPackageReference;
			repositoryURL = "https://github.com/ninjaprox/NVActivityIndicatorView.git";
			requirement = {
				kind = upToNextMajorVersion;
				minimumVersion = 5.0.0;
			};
		};
		E4DABECD2BBEB68D00AE9DFB /* XCRemoteSwiftPackageReference "iOSDropDown" */ = {
			isa = XCRemoteSwiftPackageReference;
			repositoryURL = "https://github.com/jriosdev/iOSDropDown.git";
			requirement = {
				kind = upToNextMajorVersion;
				minimumVersion = 0.4.0;
			};
		};
		E4F56AE22C5F4EAC00FE4DDF /* XCRemoteSwiftPackageReference "swift-package-manager-google-mobile-ads" */ = {
			isa = XCRemoteSwiftPackageReference;
			repositoryURL = "https://github.com/googleads/swift-package-manager-google-mobile-ads.git";
			requirement = {
				kind = upToNextMajorVersion;
				minimumVersion = 11.7.0;
			};
		};
/* End XCRemoteSwiftPackageReference section */

/* Begin XCSwiftPackageProductDependency section */
		E40B27172D426F4700A16D4C /* Toast */ = {
			isa = XCSwiftPackageProductDependency;
			package = E40B27162D426F4700A16D4C /* XCRemoteSwiftPackageReference "Toast-Swift" */;
			productName = Toast;
		};
		E4CAF4B02BB982BD00CB18EC /* RxCocoa */ = {
			isa = XCSwiftPackageProductDependency;
			package = E4CAF4AF2BB982BD00CB18EC /* XCRemoteSwiftPackageReference "RxSwift" */;
			productName = RxCocoa;
		};
		E4CAF4B22BB982BD00CB18EC /* RxSwift */ = {
			isa = XCSwiftPackageProductDependency;
			package = E4CAF4AF2BB982BD00CB18EC /* XCRemoteSwiftPackageReference "RxSwift" */;
			productName = RxSwift;
		};
		E4CAF4B52BB982C600CB18EC /* SnapKit */ = {
			isa = XCSwiftPackageProductDependency;
			package = E4CAF4B42BB982C600CB18EC /* XCRemoteSwiftPackageReference "SnapKit" */;
			productName = SnapKit;
		};
		E4CAF4B82BB982F200CB18EC /* SwiftKeychainWrapper */ = {
			isa = XCSwiftPackageProductDependency;
			package = E4CAF4B72BB982F200CB18EC /* XCRemoteSwiftPackageReference "SwiftKeychainWrapper" */;
			productName = SwiftKeychainWrapper;
		};
		E4CAF4BB2BB982FD00CB18EC /* Alamofire */ = {
			isa = XCSwiftPackageProductDependency;
			package = E4CAF4BA2BB982FD00CB18EC /* XCRemoteSwiftPackageReference "Alamofire" */;
			productName = Alamofire;
		};
		E4CAF4D62BB9AE0900CB18EC /* Kingfisher */ = {
			isa = XCSwiftPackageProductDependency;
			package = E4CAF4D52BB9AE0900CB18EC /* XCRemoteSwiftPackageReference "Kingfisher" */;
			productName = Kingfisher;
		};
		E4CAF4DE2BBBB6F800CB18EC /* DGCharts */ = {
			isa = XCSwiftPackageProductDependency;
			package = E4CAF4DD2BBBB6F800CB18EC /* XCRemoteSwiftPackageReference "Charts" */;
			productName = DGCharts;
		};
		E4DABEBB2BBC7A2200AE9DFB /* NVActivityIndicatorView */ = {
			isa = XCSwiftPackageProductDependency;
			package = E4DABEBA2BBC7A2200AE9DFB /* XCRemoteSwiftPackageReference "NVActivityIndicatorView" */;
			productName = NVActivityIndicatorView;
		};
		E4DABECE2BBEB68E00AE9DFB /* iOSDropDown */ = {
			isa = XCSwiftPackageProductDependency;
			package = E4DABECD2BBEB68D00AE9DFB /* XCRemoteSwiftPackageReference "iOSDropDown" */;
			productName = iOSDropDown;
		};
		E4F56AE32C5F4EAC00FE4DDF /* GoogleMobileAds */ = {
			isa = XCSwiftPackageProductDependency;
			package = E4F56AE22C5F4EAC00FE4DDF /* XCRemoteSwiftPackageReference "swift-package-manager-google-mobile-ads" */;
			productName = GoogleMobileAds;
		};
/* End XCSwiftPackageProductDependency section */
	};
	rootObject = E4CAF48D2BB9808300CB18EC /* Project object */;
}
